
Microsoft Visual Studio Solution File, Format Version 12.00
# Visual Studio Version 17
VisualStudioVersion = 17.4.33213.308
MinimumVisualStudioVersion = 10.0.40219.1
Project("{FAE04EC0-301F-11D3-BF4B-00C04F79EFBC}") = "LearnCodeProfv2.Web", "LearnCodeProfv2.Web\LearnCodeProfv2.Web.csproj", "{BA249D43-2FBC-4740-91B4-A37A43A77681}"
EndProject
Global
	GlobalSection(SolutionConfigurationPlatforms) = preSolution
		Debug|Any CPU = Debug|Any CPU
		Release|Any CPU = Release|Any CPU
	EndGlobalSection
	GlobalSection(ProjectConfigurationPlatforms) = postSolution
		{BA249D43-2FBC-4740-91B4-A37A43A77681}.Debug|Any CPU.ActiveCfg = Debug|Any CPU
		{BA249D43-2FBC-4740-91B4-A37A43A77681}.Debug|Any CPU.Build.0 = Debug|Any CPU
		{BA249D43-2FBC-4740-91B4-A37A43A77681}.Release|Any CPU.ActiveCfg = Release|Any CPU
		{BA249D43-2FBC-4740-91B4-A37A43A77681}.Release|Any CPU.Build.0 = Release|Any CPU
	EndGlobalSection
	GlobalSection(SolutionProperties) = preSolution
		HideSolutionNode = FALSE
	EndGlobalSection
	GlobalSection(ExtensibilityGlobals) = postSolution
		SolutionGuid = {557CB124-6CDE-4146-AB54-4A4FCA885917}
	EndGlobalSection
EndGlobal
